
Microsoft Visual Studio Solution File, Format Version 12.00
# Visual Studio 2013
VisualStudioVersion = 12.0.31101.0
MinimumVisualStudioVersion = 10.0.40219.1
Project("{8BC9CEB8-8B4A-11D0-8D11-00A0C91BC942}") = "FileSystemGenerator", "FileSystemGenerator.vcxproj", "{319AC38E-D4ED-4352-B998-AA2E1E1A0326}"
	ProjectSection(ProjectDependencies) = postProject
		{18CA3F84-75A7-43C4-8388-34C2E384C80F} = {18CA3F84-75A7-43C4-8388-34C2E384C80F}
	EndProjectSection
EndProject
Project("{8BC9CEB8-8B4A-11D0-8D11-00A0C91BC942}") = "shoot", "..\..\..\build\vc11\shoot.vcxproj", "{18CA3F84-75A7-43C4-8388-34C2E384C80F}"
EndProject
Project("{8BC9CEB8-8B4A-11D0-8D11-00A0C91BC942}") = "libpng", "..\..\..\build\vc11\libpng.vcxproj", "{145E8C22-BFC3-45A7-A30D-F88D61C8BF11}"
EndProject
Project("{8BC9CEB8-8B4A-11D0-8D11-00A0C91BC942}") = "zlib", "..\..\..\build\vc11\zlib.vcxproj", "{65F1FE0F-7C70-451A-9FE2-B25535AA1185}"
EndProject
Global
	GlobalSection(SolutionConfigurationPlatforms) = preSolution
		Release DX11|Win32 = Release DX11|Win32
		Release|Win32 = Release|Win32
	EndGlobalSection
	GlobalSection(ProjectConfigurationPlatforms) = postSolution
		{319AC38E-D4ED-4352-B998-AA2E1E1A0326}.Release DX11|Win32.ActiveCfg = Release|Win32
		{319AC38E-D4ED-4352-B998-AA2E1E1A0326}.Release DX11|Win32.Build.0 = Release|Win32
		{319AC38E-D4ED-4352-B998-AA2E1E1A0326}.Release|Win32.ActiveCfg = Release|Win32
		{319AC38E-D4ED-4352-B998-AA2E1E1A0326}.Release|Win32.Build.0 = Release|Win32
		{18CA3F84-75A7-43C4-8388-34C2E384C80F}.Release DX11|Win32.ActiveCfg = Release|Win32
		{18CA3F84-75A7-43C4-8388-34C2E384C80F}.Release DX11|Win32.Build.0 = Release|Win32
		{18CA3F84-75A7-43C4-8388-34C2E384C80F}.Release|Win32.ActiveCfg = Release|Win32
		{18CA3F84-75A7-43C4-8388-34C2E384C80F}.Release|Win32.Build.0 = Release|Win32
		{145E8C22-BFC3-45A7-A30D-F88D61C8BF11}.Release DX11|Win32.ActiveCfg = Release|Win32
		{145E8C22-BFC3-45A7-A30D-F88D61C8BF11}.Release DX11|Win32.Build.0 = Release|Win32
		{145E8C22-BFC3-45A7-A30D-F88D61C8BF11}.Release|Win32.ActiveCfg = Release|Win32
		{145E8C22-BFC3-45A7-A30D-F88D61C8BF11}.Release|Win32.Build.0 = Release|Win32
		{65F1FE0F-7C70-451A-9FE2-B25535AA1185}.Release DX11|Win32.ActiveCfg = Release|Win32
		{65F1FE0F-7C70-451A-9FE2-B25535AA1185}.Release DX11|Win32.Build.0 = Release|Win32
		{65F1FE0F-7C70-451A-9FE2-B25535AA1185}.Release|Win32.ActiveCfg = Release|Win32
		{65F1FE0F-7C70-451A-9FE2-B25535AA1185}.Release|Win32.Build.0 = Release|Win32
	EndGlobalSection
	GlobalSection(SolutionProperties) = preSolution
		HideSolutionNode = FALSE
	EndGlobalSection
EndGlobal
